
Microsoft Visual Studio Solution File, Format Version 12.00
# Visual Studio Version 17
VisualStudioVersion = 17.9.34622.214
MinimumVisualStudioVersion = 10.0.40219.1
Project("{9A19103F-16F7-4668-BE54-9A1E7A4F7556}") = "DDD.Application", "DDD.Application\DDD.Application.csproj", "{9396183C-06C9-42BF-AD83-D7343C848F86}"
EndProject
Project("{9A19103F-16F7-4668-BE54-9A1E7A4F7556}") = "DDD.Domain", "DDD.Domain\DDD.Domain.csproj", "{B6D00B75-305D-4AD5-B058-5B3515F61BBD}"
EndProject
Project("{9A19103F-16F7-4668-BE54-9A1E7A4F7556}") = "DDD.Infrastructure", "DDD.Infrastructure\DDD.Infrastructure.csproj", "{FB75DCE7-6F64-4910-9819-5F29D4BB91AA}"
EndProject
Project("{9A19103F-16F7-4668-BE54-9A1E7A4F7556}") = "DDD.DataAccess", "DDD.DataAccess\DDD.DataAccess.csproj", "{DD0D1C50-7DED-440D-8FE3-2385F360AB41}"
EndProject
Project("{9A19103F-16F7-4668-BE54-9A1E7A4F7556}") = "DDD.Service", "DDD.Service\DDD.Service.csproj", "{00B11210-01BE-46ED-9517-8EF762E62331}"
EndProject
Project("{9A19103F-16F7-4668-BE54-9A1E7A4F7556}") = "DDD.Tests", "DDD.Tests\DDD.Tests.csproj", "{2D8B4E16-3768-4E01-AF60-79AFC3DA4288}"
EndProject
Project("{FAE04EC0-301F-11D3-BF4B-00C04F79EFBC}") = "DDD.IntegrationEvents", "DDD.IntegrationEvents\DDD.IntegrationEvents.csproj", "{6357CB11-BDB0-4126-9FF3-B69A706D03EA}"
EndProject
Global
	GlobalSection(SolutionConfigurationPlatforms) = preSolution
		Debug|Any CPU = Debug|Any CPU
		Release|Any CPU = Release|Any CPU
	EndGlobalSection
	GlobalSection(ProjectConfigurationPlatforms) = postSolution
		{9396183C-06C9-42BF-AD83-D7343C848F86}.Debug|Any CPU.ActiveCfg = Debug|Any CPU
		{9396183C-06C9-42BF-AD83-D7343C848F86}.Debug|Any CPU.Build.0 = Debug|Any CPU
		{9396183C-06C9-42BF-AD83-D7343C848F86}.Release|Any CPU.ActiveCfg = Release|Any CPU
		{9396183C-06C9-42BF-AD83-D7343C848F86}.Release|Any CPU.Build.0 = Release|Any CPU
		{B6D00B75-305D-4AD5-B058-5B3515F61BBD}.Debug|Any CPU.ActiveCfg = Debug|Any CPU
		{B6D00B75-305D-4AD5-B058-5B3515F61BBD}.Debug|Any CPU.Build.0 = Debug|Any CPU
		{B6D00B75-305D-4AD5-B058-5B3515F61BBD}.Release|Any CPU.ActiveCfg = Release|Any CPU
		{B6D00B75-305D-4AD5-B058-5B3515F61BBD}.Release|Any CPU.Build.0 = Release|Any CPU
		{FB75DCE7-6F64-4910-9819-5F29D4BB91AA}.Debug|Any CPU.ActiveCfg = Debug|Any CPU
		{FB75DCE7-6F64-4910-9819-5F29D4BB91AA}.Debug|Any CPU.Build.0 = Debug|Any CPU
		{FB75DCE7-6F64-4910-9819-5F29D4BB91AA}.Release|Any CPU.ActiveCfg = Release|Any CPU
		{FB75DCE7-6F64-4910-9819-5F29D4BB91AA}.Release|Any CPU.Build.0 = Release|Any CPU
		{DD0D1C50-7DED-440D-8FE3-2385F360AB41}.Debug|Any CPU.ActiveCfg = Debug|Any CPU
		{DD0D1C50-7DED-440D-8FE3-2385F360AB41}.Debug|Any CPU.Build.0 = Debug|Any CPU
		{DD0D1C50-7DED-440D-8FE3-2385F360AB41}.Release|Any CPU.ActiveCfg = Release|Any CPU
		{DD0D1C50-7DED-440D-8FE3-2385F360AB41}.Release|Any CPU.Build.0 = Release|Any CPU
		{00B11210-01BE-46ED-9517-8EF762E62331}.Debug|Any CPU.ActiveCfg = Debug|Any CPU
		{00B11210-01BE-46ED-9517-8EF762E62331}.Debug|Any CPU.Build.0 = Debug|Any CPU
		{00B11210-01BE-46ED-9517-8EF762E62331}.Release|Any CPU.ActiveCfg = Release|Any CPU
		{00B11210-01BE-46ED-9517-8EF762E62331}.Release|Any CPU.Build.0 = Release|Any CPU
		{2D8B4E16-3768-4E01-AF60-79AFC3DA4288}.Debug|Any CPU.ActiveCfg = Debug|Any CPU
		{2D8B4E16-3768-4E01-AF60-79AFC3DA4288}.Debug|Any CPU.Build.0 = Debug|Any CPU
		{2D8B4E16-3768-4E01-AF60-79AFC3DA4288}.Release|Any CPU.ActiveCfg = Release|Any CPU
		{2D8B4E16-3768-4E01-AF60-79AFC3DA4288}.Release|Any CPU.Build.0 = Release|Any CPU
		{6357CB11-BDB0-4126-9FF3-B69A706D03EA}.Debug|Any CPU.ActiveCfg = Debug|Any CPU
		{6357CB11-BDB0-4126-9FF3-B69A706D03EA}.Debug|Any CPU.Build.0 = Debug|Any CPU
		{6357CB11-BDB0-4126-9FF3-B69A706D03EA}.Release|Any CPU.ActiveCfg = Release|Any CPU
		{6357CB11-BDB0-4126-9FF3-B69A706D03EA}.Release|Any CPU.Build.0 = Release|Any CPU
	EndGlobalSection
	GlobalSection(SolutionProperties) = preSolution
		HideSolutionNode = FALSE
	EndGlobalSection
	GlobalSection(ExtensibilityGlobals) = postSolution
		SolutionGuid = {FFBF04DF-A9D1-4823-B0B3-E40D83B665B9}
	EndGlobalSection
EndGlobal
