
Microsoft Visual Studio Solution File, Format Version 12.00
# Visual Studio Version 17
VisualStudioVersion = 17.9.34622.214
MinimumVisualStudioVersion = 10.0.40219.1
Project("{FAE04EC0-301F-11D3-BF4B-00C04F79EFBC}") = "DDD.Application", "DDD.Application\DDD.Application.csproj", "{9396183C-06C9-42BF-AD83-D7343C848F86}"
EndProject
Project("{FAE04EC0-301F-11D3-BF4B-00C04F79EFBC}") = "DDD.Domain", "DDD.Domain\DDD.Domain.csproj", "{B6D00B75-305D-4AD5-B058-5B3515F61BBD}"
EndProject
Global
	GlobalSection(SolutionConfigurationPlatforms) = preSolution
		Debug|Any CPU = Debug|Any CPU
		Release|Any CPU = Release|Any CPU
	EndGlobalSection
	GlobalSection(ProjectConfigurationPlatforms) = postSolution
		{9396183C-06C9-42BF-AD83-D7343C848F86}.Debug|Any CPU.ActiveCfg = Debug|Any CPU
		{9396183C-06C9-42BF-AD83-D7343C848F86}.Debug|Any CPU.Build.0 = Debug|Any CPU
		{9396183C-06C9-42BF-AD83-D7343C848F86}.Release|Any CPU.ActiveCfg = Release|Any CPU
		{9396183C-06C9-42BF-AD83-D7343C848F86}.Release|Any CPU.Build.0 = Release|Any CPU
		{B6D00B75-305D-4AD5-B058-5B3515F61BBD}.Debug|Any CPU.ActiveCfg = Debug|Any CPU
		{B6D00B75-305D-4AD5-B058-5B3515F61BBD}.Debug|Any CPU.Build.0 = Debug|Any CPU
		{B6D00B75-305D-4AD5-B058-5B3515F61BBD}.Release|Any CPU.ActiveCfg = Release|Any CPU
		{B6D00B75-305D-4AD5-B058-5B3515F61BBD}.Release|Any CPU.Build.0 = Release|Any CPU
	EndGlobalSection
	GlobalSection(SolutionProperties) = preSolution
		HideSolutionNode = FALSE
	EndGlobalSection
	GlobalSection(ExtensibilityGlobals) = postSolution
		SolutionGuid = {FFBF04DF-A9D1-4823-B0B3-E40D83B665B9}
	EndGlobalSection
EndGlobal
